
Microsoft Visual Studio Solution File, Format Version 12.00
# Visual Studio Version 16
VisualStudioVersion = 16.0.30717.126
MinimumVisualStudioVersion = 10.0.40219.1
Project("{FAE04EC0-301F-11D3-BF4B-00C04F79EFBC}") = "PaginationExample", "PaginationExample\PaginationExample.csproj", "{3719375E-6397-4606-A1BE-4EF73BA996B3}"
EndProject
Global
	GlobalSection(SolutionConfigurationPlatforms) = preSolution
		Debug|Any CPU = Debug|Any CPU
		Release|Any CPU = Release|Any CPU
	EndGlobalSection
	GlobalSection(ProjectConfigurationPlatforms) = postSolution
		{3719375E-6397-4606-A1BE-4EF73BA996B3}.Debug|Any CPU.ActiveCfg = Debug|Any CPU
		{3719375E-6397-4606-A1BE-4EF73BA996B3}.Debug|Any CPU.Build.0 = Debug|Any CPU
		{3719375E-6397-4606-A1BE-4EF73BA996B3}.Release|Any CPU.ActiveCfg = Release|Any CPU
		{3719375E-6397-4606-A1BE-4EF73BA996B3}.Release|Any CPU.Build.0 = Release|Any CPU
	EndGlobalSection
	GlobalSection(SolutionProperties) = preSolution
		HideSolutionNode = FALSE
	EndGlobalSection
	GlobalSection(ExtensibilityGlobals) = postSolution
		SolutionGuid = {4742B232-28D2-476B-801B-49FD209C977C}
	EndGlobalSection
EndGlobal
